
Microsoft Visual Studio Solution File, Format Version 12.00
# Visual Studio Version 16
VisualStudioVersion = 16.0.31911.196
MinimumVisualStudioVersion = 10.0.40219.1
Project("{FAE04EC0-301F-11D3-BF4B-00C04F79EFBC}") = "csdemo01", "csdemo01.csproj", "{025E1C8A-DF17-4B34-8D89-99B0CD6806C2}"
EndProject
Global
	GlobalSection(SolutionConfigurationPlatforms) = preSolution
		Debug|Any CPU = Debug|Any CPU
		Release|Any CPU = Release|Any CPU
	EndGlobalSection
	GlobalSection(ProjectConfigurationPlatforms) = postSolution
		{025E1C8A-DF17-4B34-8D89-99B0CD6806C2}.Debug|Any CPU.ActiveCfg = Debug|Any CPU
		{025E1C8A-DF17-4B34-8D89-99B0CD6806C2}.Debug|Any CPU.Build.0 = Debug|Any CPU
		{025E1C8A-DF17-4B34-8D89-99B0CD6806C2}.Release|Any CPU.ActiveCfg = Release|Any CPU
		{025E1C8A-DF17-4B34-8D89-99B0CD6806C2}.Release|Any CPU.Build.0 = Release|Any CPU
	EndGlobalSection
	GlobalSection(SolutionProperties) = preSolution
		HideSolutionNode = FALSE
	EndGlobalSection
	GlobalSection(ExtensibilityGlobals) = postSolution
		SolutionGuid = {1A89E95D-F9D3-4C70-AD8F-3171EE2FCBAB}
	EndGlobalSection
EndGlobal
